
Microsoft Visual Studio Solution File, Format Version 12.00
# Visual Studio Version 16
VisualStudioVersion = 16.0.31613.86
MinimumVisualStudioVersion = 10.0.40219.1
Project("{FAE04EC0-301F-11D3-BF4B-00C04F79EFBC}") = "BLE_Drive_UI", "BLE_Drive_UI.csproj", "{DA7B5381-C8EE-4EA0-BE68-B12EDBD3BB04}"
EndProject
Global
	GlobalSection(SolutionConfigurationPlatforms) = preSolution
		Debug|Any CPU = Debug|Any CPU
		Release|Any CPU = Release|Any CPU
	EndGlobalSection
	GlobalSection(ProjectConfigurationPlatforms) = postSolution
		{DA7B5381-C8EE-4EA0-BE68-B12EDBD3BB04}.Debug|Any CPU.ActiveCfg = Debug|Any CPU
		{DA7B5381-C8EE-4EA0-BE68-B12EDBD3BB04}.Debug|Any CPU.Build.0 = Debug|Any CPU
		{DA7B5381-C8EE-4EA0-BE68-B12EDBD3BB04}.Release|Any CPU.ActiveCfg = Release|Any CPU
		{DA7B5381-C8EE-4EA0-BE68-B12EDBD3BB04}.Release|Any CPU.Build.0 = Release|Any CPU
	EndGlobalSection
	GlobalSection(SolutionProperties) = preSolution
		HideSolutionNode = FALSE
	EndGlobalSection
	GlobalSection(ExtensibilityGlobals) = postSolution
		SolutionGuid = {53FD4179-0DA1-4C24-BD1F-AC352C144868}
	EndGlobalSection
EndGlobal
